
Microsoft Visual Studio Solution File, Format Version 12.00
# Visual Studio Version 17
VisualStudioVersion = 17.14.37203.1
MinimumVisualStudioVersion = 10.0.40219.1
Project("{2150E333-8FDC-42A3-9474-1A3956D46DE8}") = "src", "src", "{02EA681E-C7D8-13C7-8484-4AC65E1B71E8}"
EndProject
Project("{FAE04EC0-301F-11D3-BF4B-00C04F79EFBC}") = "PrReviewAgent.Api", "src\PrReviewAgent.Api\PrReviewAgent.Api.csproj", "{2641C566-893D-41CF-8CC8-4D3E2BB7762F}"
EndProject
Project("{FAE04EC0-301F-11D3-BF4B-00C04F79EFBC}") = "PrReviewAgent.Application", "src\PrReviewAgent.Application\PrReviewAgent.Application.csproj", "{4D24EED0-8856-42A7-92B2-A52C2DD8555C}"
EndProject
Project("{FAE04EC0-301F-11D3-BF4B-00C04F79EFBC}") = "PrReviewAgent.Domain", "src\PrReviewAgent.Domain\PrReviewAgent.Domain.csproj", "{86B48DFB-8A27-4404-A1AF-D8EC86A0A8EA}"
EndProject
Project("{FAE04EC0-301F-11D3-BF4B-00C04F79EFBC}") = "PrReviewAgent.Infrastructure", "src\PrReviewAgent.Infrastructure\PrReviewAgent.Infrastructure.csproj", "{8E97FCA0-1B28-3382-1160-538030BD7EF9}"
EndProject
Global
	GlobalSection(SolutionConfigurationPlatforms) = preSolution
		Debug|Any CPU = Debug|Any CPU
		Release|Any CPU = Release|Any CPU
	EndGlobalSection
	GlobalSection(ProjectConfigurationPlatforms) = postSolution
		{2641C566-893D-41CF-8CC8-4D3E2BB7762F}.Debug|Any CPU.ActiveCfg = Debug|Any CPU
		{2641C566-893D-41CF-8CC8-4D3E2BB7762F}.Debug|Any CPU.Build.0 = Debug|Any CPU
		{2641C566-893D-41CF-8CC8-4D3E2BB7762F}.Release|Any CPU.ActiveCfg = Release|Any CPU
		{2641C566-893D-41CF-8CC8-4D3E2BB7762F}.Release|Any CPU.Build.0 = Release|Any CPU
		{4D24EED0-8856-42A7-92B2-A52C2DD8555C}.Debug|Any CPU.ActiveCfg = Debug|Any CPU
		{4D24EED0-8856-42A7-92B2-A52C2DD8555C}.Debug|Any CPU.Build.0 = Debug|Any CPU
		{4D24EED0-8856-42A7-92B2-A52C2DD8555C}.Release|Any CPU.ActiveCfg = Release|Any CPU
		{4D24EED0-8856-42A7-92B2-A52C2DD8555C}.Release|Any CPU.Build.0 = Release|Any CPU
		{86B48DFB-8A27-4404-A1AF-D8EC86A0A8EA}.Debug|Any CPU.ActiveCfg = Debug|Any CPU
		{86B48DFB-8A27-4404-A1AF-D8EC86A0A8EA}.Debug|Any CPU.Build.0 = Debug|Any CPU
		{86B48DFB-8A27-4404-A1AF-D8EC86A0A8EA}.Release|Any CPU.ActiveCfg = Release|Any CPU
		{86B48DFB-8A27-4404-A1AF-D8EC86A0A8EA}.Release|Any CPU.Build.0 = Release|Any CPU
		{8E97FCA0-1B28-3382-1160-538030BD7EF9}.Debug|Any CPU.ActiveCfg = Debug|Any CPU
		{8E97FCA0-1B28-3382-1160-538030BD7EF9}.Debug|Any CPU.Build.0 = Debug|Any CPU
		{8E97FCA0-1B28-3382-1160-538030BD7EF9}.Release|Any CPU.ActiveCfg = Release|Any CPU
		{8E97FCA0-1B28-3382-1160-538030BD7EF9}.Release|Any CPU.Build.0 = Release|Any CPU
	EndGlobalSection
	GlobalSection(SolutionProperties) = preSolution
		HideSolutionNode = FALSE
	EndGlobalSection
	GlobalSection(NestedProjects) = preSolution
		{2641C566-893D-41CF-8CC8-4D3E2BB7762F} = {02EA681E-C7D8-13C7-8484-4AC65E1B71E8}
		{4D24EED0-8856-42A7-92B2-A52C2DD8555C} = {02EA681E-C7D8-13C7-8484-4AC65E1B71E8}
		{86B48DFB-8A27-4404-A1AF-D8EC86A0A8EA} = {02EA681E-C7D8-13C7-8484-4AC65E1B71E8}
		{8E97FCA0-1B28-3382-1160-538030BD7EF9} = {02EA681E-C7D8-13C7-8484-4AC65E1B71E8}
	EndGlobalSection
	GlobalSection(ExtensibilityGlobals) = postSolution
		SolutionGuid = {1709F4EC-DC7E-4EAB-AC30-E0DDD1D0C104}
	EndGlobalSection
EndGlobal
